
Microsoft Visual Studio Solution File, Format Version 12.00
# Visual Studio 14
VisualStudioVersion = 14.0.23107.0
MinimumVisualStudioVersion = 10.0.40219.1
Project("{FAE04EC0-301F-11D3-BF4B-00C04F79EFBC}") = "Redux.TodoMvc.Universal", "Redux.TodoMvc.Universal\Redux.TodoMvc.Universal.csproj", "{DADFFA18-8388-4193-87A0-16B3BDBABDBF}"
EndProject
Project("{FAE04EC0-301F-11D3-BF4B-00C04F79EFBC}") = "Redux.TodoMvc.Android", "Redux.TodoMvc.Android\Redux.TodoMvc.Android.csproj", "{74D8C13C-3B02-4EBC-AA69-B6835A833DB4}"
EndProject
Project("{FAE04EC0-301F-11D3-BF4B-00C04F79EFBC}") = "Redux.TodoMvc", "Redux.TodoMvc\Redux.TodoMvc.csproj", "{FEA5562D-E8D5-4AD9-BACA-2D29DB0A2775}"
EndProject
Project("{2150E333-8FDC-42A3-9474-1A3956D46DE8}") = "XamarinForms", "XamarinForms", "{50F3B006-7EB6-422E-9070-63E83E4736FB}"
EndProject
Project("{FAE04EC0-301F-11D3-BF4B-00C04F79EFBC}") = "Redux.TodoMvc.Forms", "Redux.TodoMvc.Forms\Redux.TodoMvc.Forms.csproj", "{CE4ACDB1-5CCD-4D09-B854-23C4019A9A91}"
EndProject
Project("{FAE04EC0-301F-11D3-BF4B-00C04F79EFBC}") = "Redux.TodoMvc.Forms.Android", "Redux.TodoMvc.Forms.Android\Redux.TodoMvc.Forms.Android.csproj", "{1CE4BF27-B5AA-4163-8D28-CBBE1660C168}"
EndProject
Project("{FAE04EC0-301F-11D3-BF4B-00C04F79EFBC}") = "Redux.TodoMvc.Forms.iOS", "Redux.TodoMvc.Forms.iOS\Redux.TodoMvc.Forms.iOS.csproj", "{471DFB46-9ECF-442D-B6D1-DDF05E7BD898}"
EndProject
Global
	GlobalSection(SolutionConfigurationPlatforms) = preSolution
		Ad-Hoc|Any CPU = Ad-Hoc|Any CPU
		Ad-Hoc|ARM = Ad-Hoc|ARM
		Ad-Hoc|iPhone = Ad-Hoc|iPhone
		Ad-Hoc|iPhoneSimulator = Ad-Hoc|iPhoneSimulator
		Ad-Hoc|x64 = Ad-Hoc|x64
		Ad-Hoc|x86 = Ad-Hoc|x86
		AppStore|Any CPU = AppStore|Any CPU
		AppStore|ARM = AppStore|ARM
		AppStore|iPhone = AppStore|iPhone
		AppStore|iPhoneSimulator = AppStore|iPhoneSimulator
		AppStore|x64 = AppStore|x64
		AppStore|x86 = AppStore|x86
		Debug|Any CPU = Debug|Any CPU
		Debug|ARM = Debug|ARM
		Debug|iPhone = Debug|iPhone
		Debug|iPhoneSimulator = Debug|iPhoneSimulator
		Debug|x64 = Debug|x64
		Debug|x86 = Debug|x86
		Release|Any CPU = Release|Any CPU
		Release|ARM = Release|ARM
		Release|iPhone = Release|iPhone
		Release|iPhoneSimulator = Release|iPhoneSimulator
		Release|x64 = Release|x64
		Release|x86 = Release|x86
	EndGlobalSection
	GlobalSection(ProjectConfigurationPlatforms) = postSolution
		{DADFFA18-8388-4193-87A0-16B3BDBABDBF}.Ad-Hoc|Any CPU.ActiveCfg = Release|x64
		{DADFFA18-8388-4193-87A0-16B3BDBABDBF}.Ad-Hoc|Any CPU.Build.0 = Release|x64
		{DADFFA18-8388-4193-87A0-16B3BDBABDBF}.Ad-Hoc|Any CPU.Deploy.0 = Release|x64
		{DADFFA18-8388-4193-87A0-16B3BDBABDBF}.Ad-Hoc|ARM.ActiveCfg = Release|ARM
		{DADFFA18-8388-4193-87A0-16B3BDBABDBF}.Ad-Hoc|ARM.Build.0 = Release|ARM
		{DADFFA18-8388-4193-87A0-16B3BDBABDBF}.Ad-Hoc|ARM.Deploy.0 = Release|ARM
		{DADFFA18-8388-4193-87A0-16B3BDBABDBF}.Ad-Hoc|iPhone.ActiveCfg = Release|x64
		{DADFFA18-8388-4193-87A0-16B3BDBABDBF}.Ad-Hoc|iPhone.Build.0 = Release|x64
		{DADFFA18-8388-4193-87A0-16B3BDBABDBF}.Ad-Hoc|iPhone.Deploy.0 = Release|x64
		{DADFFA18-8388-4193-87A0-16B3BDBABDBF}.Ad-Hoc|iPhoneSimulator.ActiveCfg = Release|x64
		{DADFFA18-8388-4193-87A0-16B3BDBABDBF}.Ad-Hoc|iPhoneSimulator.Build.0 = Release|x64
		{DADFFA18-8388-4193-87A0-16B3BDBABDBF}.Ad-Hoc|iPhoneSimulator.Deploy.0 = Release|x64
		{DADFFA18-8388-4193-87A0-16B3BDBABDBF}.Ad-Hoc|x64.ActiveCfg = Release|x64
		{DADFFA18-8388-4193-87A0-16B3BDBABDBF}.Ad-Hoc|x64.Build.0 = Release|x64
		{DADFFA18-8388-4193-87A0-16B3BDBABDBF}.Ad-Hoc|x64.Deploy.0 = Release|x64
		{DADFFA18-8388-4193-87A0-16B3BDBABDBF}.Ad-Hoc|x86.ActiveCfg = Release|x86
		{DADFFA18-8388-4193-87A0-16B3BDBABDBF}.Ad-Hoc|x86.Build.0 = Release|x86
		{DADFFA18-8388-4193-87A0-16B3BDBABDBF}.Ad-Hoc|x86.Deploy.0 = Release|x86
		{DADFFA18-8388-4193-87A0-16B3BDBABDBF}.AppStore|Any CPU.ActiveCfg = Release|x64
		{DADFFA18-8388-4193-87A0-16B3BDBABDBF}.AppStore|Any CPU.Build.0 = Release|x64
		{DADFFA18-8388-4193-87A0-16B3BDBABDBF}.AppStore|Any CPU.Deploy.0 = Release|x64
		{DADFFA18-8388-4193-87A0-16B3BDBABDBF}.AppStore|ARM.ActiveCfg = Release|ARM
		{DADFFA18-8388-4193-87A0-16B3BDBABDBF}.AppStore|ARM.Build.0 = Release|ARM
		{DADFFA18-8388-4193-87A0-16B3BDBABDBF}.AppStore|ARM.Deploy.0 = Release|ARM
		{DADFFA18-8388-4193-87A0-16B3BDBABDBF}.AppStore|iPhone.ActiveCfg = Release|x64
		{DADFFA18-8388-4193-87A0-16B3BDBABDBF}.AppStore|iPhone.Build.0 = Release|x64
		{DADFFA18-8388-4193-87A0-16B3BDBABDBF}.AppStore|iPhone.Deploy.0 = Release|x64
		{DADFFA18-8388-4193-87A0-16B3BDBABDBF}.AppStore|iPhoneSimulator.ActiveCfg = Release|x64
		{DADFFA18-8388-4193-87A0-16B3BDBABDBF}.AppStore|iPhoneSimulator.Build.0 = Release|x64
		{DADFFA18-8388-4193-87A0-16B3BDBABDBF}.AppStore|iPhoneSimulator.Deploy.0 = Release|x64
		{DADFFA18-8388-4193-87A0-16B3BDBABDBF}.AppStore|x64.ActiveCfg = Release|x64
		{DADFFA18-8388-4193-87A0-16B3BDBABDBF}.AppStore|x64.Build.0 = Release|x64
		{DADFFA18-8388-4193-87A0-16B3BDBABDBF}.AppStore|x64.Deploy.0 = Release|x64
		{DADFFA18-8388-4193-87A0-16B3BDBABDBF}.AppStore|x86.ActiveCfg = Release|x86
		{DADFFA18-8388-4193-87A0-16B3BDBABDBF}.AppStore|x86.Build.0 = Release|x86
		{DADFFA18-8388-4193-87A0-16B3BDBABDBF}.AppStore|x86.Deploy.0 = Release|x86
		{DADFFA18-8388-4193-87A0-16B3BDBABDBF}.Debug|Any CPU.ActiveCfg = Debug|x86
		{DADFFA18-8388-4193-87A0-16B3BDBABDBF}.Debug|Any CPU.Build.0 = Debug|x86
		{DADFFA18-8388-4193-87A0-16B3BDBABDBF}.Debug|Any CPU.Deploy.0 = Debug|x86
		{DADFFA18-8388-4193-87A0-16B3BDBABDBF}.Debug|ARM.ActiveCfg = Debug|ARM
		{DADFFA18-8388-4193-87A0-16B3BDBABDBF}.Debug|ARM.Build.0 = Debug|ARM
		{DADFFA18-8388-4193-87A0-16B3BDBABDBF}.Debug|ARM.Deploy.0 = Debug|ARM
		{DADFFA18-8388-4193-87A0-16B3BDBABDBF}.Debug|iPhone.ActiveCfg = Debug|x86
		{DADFFA18-8388-4193-87A0-16B3BDBABDBF}.Debug|iPhoneSimulator.ActiveCfg = Debug|x86
		{DADFFA18-8388-4193-87A0-16B3BDBABDBF}.Debug|x64.ActiveCfg = Debug|x64
		{DADFFA18-8388-4193-87A0-16B3BDBABDBF}.Debug|x64.Build.0 = Debug|x64
		{DADFFA18-8388-4193-87A0-16B3BDBABDBF}.Debug|x64.Deploy.0 = Debug|x64
		{DADFFA18-8388-4193-87A0-16B3BDBABDBF}.Debug|x86.ActiveCfg = Debug|x86
		{DADFFA18-8388-4193-87A0-16B3BDBABDBF}.Debug|x86.Build.0 = Debug|x86
		{DADFFA18-8388-4193-87A0-16B3BDBABDBF}.Debug|x86.Deploy.0 = Debug|x86
		{DADFFA18-8388-4193-87A0-16B3BDBABDBF}.Release|Any CPU.ActiveCfg = Release|x86
		{DADFFA18-8388-4193-87A0-16B3BDBABDBF}.Release|ARM.ActiveCfg = Release|ARM
		{DADFFA18-8388-4193-87A0-16B3BDBABDBF}.Release|ARM.Build.0 = Release|ARM
		{DADFFA18-8388-4193-87A0-16B3BDBABDBF}.Release|ARM.Deploy.0 = Release|ARM
		{DADFFA18-8388-4193-87A0-16B3BDBABDBF}.Release|iPhone.ActiveCfg = Release|x86
		{DADFFA18-8388-4193-87A0-16B3BDBABDBF}.Release|iPhoneSimulator.ActiveCfg = Release|x86
		{DADFFA18-8388-4193-87A0-16B3BDBABDBF}.Release|x64.ActiveCfg = Release|x64
		{DADFFA18-8388-4193-87A0-16B3BDBABDBF}.Release|x64.Build.0 = Release|x64
		{DADFFA18-8388-4193-87A0-16B3BDBABDBF}.Release|x64.Deploy.0 = Release|x64
		{DADFFA18-8388-4193-87A0-16B3BDBABDBF}.Release|x86.ActiveCfg = Release|x86
		{DADFFA18-8388-4193-87A0-16B3BDBABDBF}.Release|x86.Build.0 = Release|x86
		{DADFFA18-8388-4193-87A0-16B3BDBABDBF}.Release|x86.Deploy.0 = Release|x86
		{74D8C13C-3B02-4EBC-AA69-B6835A833DB4}.Ad-Hoc|Any CPU.ActiveCfg = Release|Any CPU
		{74D8C13C-3B02-4EBC-AA69-B6835A833DB4}.Ad-Hoc|Any CPU.Build.0 = Release|Any CPU
		{74D8C13C-3B02-4EBC-AA69-B6835A833DB4}.Ad-Hoc|Any CPU.Deploy.0 = Release|Any CPU
		{74D8C13C-3B02-4EBC-AA69-B6835A833DB4}.Ad-Hoc|ARM.ActiveCfg = Release|Any CPU
		{74D8C13C-3B02-4EBC-AA69-B6835A833DB4}.Ad-Hoc|ARM.Build.0 = Release|Any CPU
		{74D8C13C-3B02-4EBC-AA69-B6835A833DB4}.Ad-Hoc|ARM.Deploy.0 = Release|Any CPU
		{74D8C13C-3B02-4EBC-AA69-B6835A833DB4}.Ad-Hoc|iPhone.ActiveCfg = Release|Any CPU
		{74D8C13C-3B02-4EBC-AA69-B6835A833DB4}.Ad-Hoc|iPhone.Build.0 = Release|Any CPU
		{74D8C13C-3B02-4EBC-AA69-B6835A833DB4}.Ad-Hoc|iPhone.Deploy.0 = Release|Any CPU
		{74D8C13C-3B02-4EBC-AA69-B6835A833DB4}.Ad-Hoc|iPhoneSimulator.ActiveCfg = Release|Any CPU
		{74D8C13C-3B02-4EBC-AA69-B6835A833DB4}.Ad-Hoc|iPhoneSimulator.Build.0 = Release|Any CPU
		{74D8C13C-3B02-4EBC-AA69-B6835A833DB4}.Ad-Hoc|iPhoneSimulator.Deploy.0 = Release|Any CPU
		{74D8C13C-3B02-4EBC-AA69-B6835A833DB4}.Ad-Hoc|x64.ActiveCfg = Release|Any CPU
		{74D8C13C-3B02-4EBC-AA69-B6835A833DB4}.Ad-Hoc|x64.Build.0 = Release|Any CPU
		{74D8C13C-3B02-4EBC-AA69-B6835A833DB4}.Ad-Hoc|x64.Deploy.0 = Release|Any CPU
		{74D8C13C-3B02-4EBC-AA69-B6835A833DB4}.Ad-Hoc|x86.ActiveCfg = Release|Any CPU
		{74D8C13C-3B02-4EBC-AA69-B6835A833DB4}.Ad-Hoc|x86.Build.0 = Release|Any CPU
		{74D8C13C-3B02-4EBC-AA69-B6835A833DB4}.Ad-Hoc|x86.Deploy.0 = Release|Any CPU
		{74D8C13C-3B02-4EBC-AA69-B6835A833DB4}.AppStore|Any CPU.ActiveCfg = Release|Any CPU
		{74D8C13C-3B02-4EBC-AA69-B6835A833DB4}.AppStore|Any CPU.Build.0 = Release|Any CPU
		{74D8C13C-3B02-4EBC-AA69-B6835A833DB4}.AppStore|Any CPU.Deploy.0 = Release|Any CPU
		{74D8C13C-3B02-4EBC-AA69-B6835A833DB4}.AppStore|ARM.ActiveCfg = Release|Any CPU
		{74D8C13C-3B02-4EBC-AA69-B6835A833DB4}.AppStore|ARM.Build.0 = Release|Any CPU
		{74D8C13C-3B02-4EBC-AA69-B6835A833DB4}.AppStore|ARM.Deploy.0 = Release|Any CPU
		{74D8C13C-3B02-4EBC-AA69-B6835A833DB4}.AppStore|iPhone.ActiveCfg = Release|Any CPU
		{74D8C13C-3B02-4EBC-AA69-B6835A833DB4}.AppStore|iPhone.Build.0 = Release|Any CPU
		{74D8C13C-3B02-4EBC-AA69-B6835A833DB4}.AppStore|iPhone.Deploy.0 = Release|Any CPU
		{74D8C13C-3B02-4EBC-AA69-B6835A833DB4}.AppStore|iPhoneSimulator.ActiveCfg = Release|Any CPU
		{74D8C13C-3B02-4EBC-AA69-B6835A833DB4}.AppStore|iPhoneSimulator.Build.0 = Release|Any CPU
		{74D8C13C-3B02-4EBC-AA69-B6835A833DB4}.AppStore|iPhoneSimulator.Deploy.0 = Release|Any CPU
		{74D8C13C-3B02-4EBC-AA69-B6835A833DB4}.AppStore|x64.ActiveCfg = Release|Any CPU
		{74D8C13C-3B02-4EBC-AA69-B6835A833DB4}.AppStore|x64.Build.0 = Release|Any CPU
		{74D8C13C-3B02-4EBC-AA69-B6835A833DB4}.AppStore|x64.Deploy.0 = Release|Any CPU
		{74D8C13C-3B02-4EBC-AA69-B6835A833DB4}.AppStore|x86.ActiveCfg = Release|Any CPU
		{74D8C13C-3B02-4EBC-AA69-B6835A833DB4}.AppStore|x86.Build.0 = Release|Any CPU
		{74D8C13C-3B02-4EBC-AA69-B6835A833DB4}.AppStore|x86.Deploy.0 = Release|Any CPU
		{74D8C13C-3B02-4EBC-AA69-B6835A833DB4}.Debug|Any CPU.ActiveCfg = Debug|Any CPU
		{74D8C13C-3B02-4EBC-AA69-B6835A833DB4}.Debug|Any CPU.Build.0 = Debug|Any CPU
		{74D8C13C-3B02-4EBC-AA69-B6835A833DB4}.Debug|Any CPU.Deploy.0 = Debug|Any CPU
		{74D8C13C-3B02-4EBC-AA69-B6835A833DB4}.Debug|ARM.ActiveCfg = Debug|Any CPU
		{74D8C13C-3B02-4EBC-AA69-B6835A833DB4}.Debug|ARM.Build.0 = Debug|Any CPU
		{74D8C13C-3B02-4EBC-AA69-B6835A833DB4}.Debug|ARM.Deploy.0 = Debug|Any CPU
		{74D8C13C-3B02-4EBC-AA69-B6835A833DB4}.Debug|iPhone.ActiveCfg = Debug|Any CPU
		{74D8C13C-3B02-4EBC-AA69-B6835A833DB4}.Debug|iPhone.Build.0 = Debug|Any CPU
		{74D8C13C-3B02-4EBC-AA69-B6835A833DB4}.Debug|iPhone.Deploy.0 = Debug|Any CPU
		{74D8C13C-3B02-4EBC-AA69-B6835A833DB4}.Debug|iPhoneSimulator.ActiveCfg = Debug|Any CPU
		{74D8C13C-3B02-4EBC-AA69-B6835A833DB4}.Debug|iPhoneSimulator.Build.0 = Debug|Any CPU
		{74D8C13C-3B02-4EBC-AA69-B6835A833DB4}.Debug|iPhoneSimulator.Deploy.0 = Debug|Any CPU
		{74D8C13C-3B02-4EBC-AA69-B6835A833DB4}.Debug|x64.ActiveCfg = Debug|Any CPU
		{74D8C13C-3B02-4EBC-AA69-B6835A833DB4}.Debug|x64.Build.0 = Debug|Any CPU
		{74D8C13C-3B02-4EBC-AA69-B6835A833DB4}.Debug|x64.Deploy.0 = Debug|Any CPU
		{74D8C13C-3B02-4EBC-AA69-B6835A833DB4}.Debug|x86.ActiveCfg = Debug|Any CPU
		{74D8C13C-3B02-4EBC-AA69-B6835A833DB4}.Debug|x86.Build.0 = Debug|Any CPU
		{74D8C13C-3B02-4EBC-AA69-B6835A833DB4}.Debug|x86.Deploy.0 = Debug|Any CPU
		{74D8C13C-3B02-4EBC-AA69-B6835A833DB4}.Release|Any CPU.ActiveCfg = Release|Any CPU
		{74D8C13C-3B02-4EBC-AA69-B6835A833DB4}.Release|Any CPU.Build.0 = Release|Any CPU
		{74D8C13C-3B02-4EBC-AA69-B6835A833DB4}.Release|Any CPU.Deploy.0 = Release|Any CPU
		{74D8C13C-3B02-4EBC-AA69-B6835A833DB4}.Release|ARM.ActiveCfg = Release|Any CPU
		{74D8C13C-3B02-4EBC-AA69-B6835A833DB4}.Release|ARM.Build.0 = Release|Any CPU
		{74D8C13C-3B02-4EBC-AA69-B6835A833DB4}.Release|ARM.Deploy.0 = Release|Any CPU
		{74D8C13C-3B02-4EBC-AA69-B6835A833DB4}.Release|iPhone.ActiveCfg = Release|Any CPU
		{74D8C13C-3B02-4EBC-AA69-B6835A833DB4}.Release|iPhone.Build.0 = Release|Any CPU
		{74D8C13C-3B02-4EBC-AA69-B6835A833DB4}.Release|iPhone.Deploy.0 = Release|Any CPU
		{74D8C13C-3B02-4EBC-AA69-B6835A833DB4}.Release|iPhoneSimulator.ActiveCfg = Release|Any CPU
		{74D8C13C-3B02-4EBC-AA69-B6835A833DB4}.Release|iPhoneSimulator.Build.0 = Release|Any CPU
		{74D8C13C-3B02-4EBC-AA69-B6835A833DB4}.Release|iPhoneSimulator.Deploy.0 = Release|Any CPU
		{74D8C13C-3B02-4EBC-AA69-B6835A833DB4}.Release|x64.ActiveCfg = Release|Any CPU
		{74D8C13C-3B02-4EBC-AA69-B6835A833DB4}.Release|x64.Build.0 = Release|Any CPU
		{74D8C13C-3B02-4EBC-AA69-B6835A833DB4}.Release|x64.Deploy.0 = Release|Any CPU
		{74D8C13C-3B02-4EBC-AA69-B6835A833DB4}.Release|x86.ActiveCfg = Release|Any CPU
		{74D8C13C-3B02-4EBC-AA69-B6835A833DB4}.Release|x86.Build.0 = Release|Any CPU
		{74D8C13C-3B02-4EBC-AA69-B6835A833DB4}.Release|x86.Deploy.0 = Release|Any CPU
		{FEA5562D-E8D5-4AD9-BACA-2D29DB0A2775}.Ad-Hoc|Any CPU.ActiveCfg = Release|Any CPU
		{FEA5562D-E8D5-4AD9-BACA-2D29DB0A2775}.Ad-Hoc|Any CPU.Build.0 = Release|Any CPU
		{FEA5562D-E8D5-4AD9-BACA-2D29DB0A2775}.Ad-Hoc|ARM.ActiveCfg = Release|Any CPU
		{FEA5562D-E8D5-4AD9-BACA-2D29DB0A2775}.Ad-Hoc|ARM.Build.0 = Release|Any CPU
		{FEA5562D-E8D5-4AD9-BACA-2D29DB0A2775}.Ad-Hoc|iPhone.ActiveCfg = Release|Any CPU
		{FEA5562D-E8D5-4AD9-BACA-2D29DB0A2775}.Ad-Hoc|iPhone.Build.0 = Release|Any CPU
		{FEA5562D-E8D5-4AD9-BACA-2D29DB0A2775}.Ad-Hoc|iPhoneSimulator.ActiveCfg = Release|Any CPU
		{FEA5562D-E8D5-4AD9-BACA-2D29DB0A2775}.Ad-Hoc|iPhoneSimulator.Build.0 = Release|Any CPU
		{FEA5562D-E8D5-4AD9-BACA-2D29DB0A2775}.Ad-Hoc|x64.ActiveCfg = Release|Any CPU
		{FEA5562D-E8D5-4AD9-BACA-2D29DB0A2775}.Ad-Hoc|x64.Build.0 = Release|Any CPU
		{FEA5562D-E8D5-4AD9-BACA-2D29DB0A2775}.Ad-Hoc|x86.ActiveCfg = Release|Any CPU
		{FEA5562D-E8D5-4AD9-BACA-2D29DB0A2775}.Ad-Hoc|x86.Build.0 = Release|Any CPU
		{FEA5562D-E8D5-4AD9-BACA-2D29DB0A2775}.AppStore|Any CPU.ActiveCfg = Release|Any CPU
		{FEA5562D-E8D5-4AD9-BACA-2D29DB0A2775}.AppStore|Any CPU.Build.0 = Release|Any CPU
		{FEA5562D-E8D5-4AD9-BACA-2D29DB0A2775}.AppStore|ARM.ActiveCfg = Release|Any CPU
		{FEA5562D-E8D5-4AD9-BACA-2D29DB0A2775}.AppStore|ARM.Build.0 = Release|Any CPU
		{FEA5562D-E8D5-4AD9-BACA-2D29DB0A2775}.AppStore|iPhone.ActiveCfg = Release|Any CPU
		{FEA5562D-E8D5-4AD9-BACA-2D29DB0A2775}.AppStore|iPhone.Build.0 = Release|Any CPU
		{FEA5562D-E8D5-4AD9-BACA-2D29DB0A2775}.AppStore|iPhoneSimulator.ActiveCfg = Release|Any CPU
		{FEA5562D-E8D5-4AD9-BACA-2D29DB0A2775}.AppStore|iPhoneSimulator.Build.0 = Release|Any CPU
		{FEA5562D-E8D5-4AD9-BACA-2D29DB0A2775}.AppStore|x64.ActiveCfg = Release|Any CPU
		{FEA5562D-E8D5-4AD9-BACA-2D29DB0A2775}.AppStore|x64.Build.0 = Release|Any CPU
		{FEA5562D-E8D5-4AD9-BACA-2D29DB0A2775}.AppStore|x86.ActiveCfg = Release|Any CPU
		{FEA5562D-E8D5-4AD9-BACA-2D29DB0A2775}.AppStore|x86.Build.0 = Release|Any CPU
		{FEA5562D-E8D5-4AD9-BACA-2D29DB0A2775}.Debug|Any CPU.ActiveCfg = Debug|Any CPU
		{FEA5562D-E8D5-4AD9-BACA-2D29DB0A2775}.Debug|Any CPU.Build.0 = Debug|Any CPU
		{FEA5562D-E8D5-4AD9-BACA-2D29DB0A2775}.Debug|ARM.ActiveCfg = Debug|Any CPU
		{FEA5562D-E8D5-4AD9-BACA-2D29DB0A2775}.Debug|ARM.Build.0 = Debug|Any CPU
		{FEA5562D-E8D5-4AD9-BACA-2D29DB0A2775}.Debug|iPhone.ActiveCfg = Debug|Any CPU
		{FEA5562D-E8D5-4AD9-BACA-2D29DB0A2775}.Debug|iPhone.Build.0 = Debug|Any CPU
		{FEA5562D-E8D5-4AD9-BACA-2D29DB0A2775}.Debug|iPhoneSimulator.ActiveCfg = Debug|Any CPU
		{FEA5562D-E8D5-4AD9-BACA-2D29DB0A2775}.Debug|iPhoneSimulator.Build.0 = Debug|Any CPU
		{FEA5562D-E8D5-4AD9-BACA-2D29DB0A2775}.Debug|x64.ActiveCfg = Debug|Any CPU
		{FEA5562D-E8D5-4AD9-BACA-2D29DB0A2775}.Debug|x64.Build.0 = Debug|Any CPU
		{FEA5562D-E8D5-4AD9-BACA-2D29DB0A2775}.Debug|x86.ActiveCfg = Debug|Any CPU
		{FEA5562D-E8D5-4AD9-BACA-2D29DB0A2775}.Debug|x86.Build.0 = Debug|Any CPU
		{FEA5562D-E8D5-4AD9-BACA-2D29DB0A2775}.Release|Any CPU.ActiveCfg = Release|Any CPU
		{FEA5562D-E8D5-4AD9-BACA-2D29DB0A2775}.Release|Any CPU.Build.0 = Release|Any CPU
		{FEA5562D-E8D5-4AD9-BACA-2D29DB0A2775}.Release|ARM.ActiveCfg = Release|Any CPU
		{FEA5562D-E8D5-4AD9-BACA-2D29DB0A2775}.Release|ARM.Build.0 = Release|Any CPU
		{FEA5562D-E8D5-4AD9-BACA-2D29DB0A2775}.Release|iPhone.ActiveCfg = Release|Any CPU
		{FEA5562D-E8D5-4AD9-BACA-2D29DB0A2775}.Release|iPhone.Build.0 = Release|Any CPU
		{FEA5562D-E8D5-4AD9-BACA-2D29DB0A2775}.Release|iPhoneSimulator.ActiveCfg = Release|Any CPU
		{FEA5562D-E8D5-4AD9-BACA-2D29DB0A2775}.Release|iPhoneSimulator.Build.0 = Release|Any CPU
		{FEA5562D-E8D5-4AD9-BACA-2D29DB0A2775}.Release|x64.ActiveCfg = Release|Any CPU
		{FEA5562D-E8D5-4AD9-BACA-2D29DB0A2775}.Release|x64.Build.0 = Release|Any CPU
		{FEA5562D-E8D5-4AD9-BACA-2D29DB0A2775}.Release|x86.ActiveCfg = Release|Any CPU
		{FEA5562D-E8D5-4AD9-BACA-2D29DB0A2775}.Release|x86.Build.0 = Release|Any CPU
		{CE4ACDB1-5CCD-4D09-B854-23C4019A9A91}.Ad-Hoc|Any CPU.ActiveCfg = Release|Any CPU
		{CE4ACDB1-5CCD-4D09-B854-23C4019A9A91}.Ad-Hoc|Any CPU.Build.0 = Release|Any CPU
		{CE4ACDB1-5CCD-4D09-B854-23C4019A9A91}.Ad-Hoc|ARM.ActiveCfg = Release|Any CPU
		{CE4ACDB1-5CCD-4D09-B854-23C4019A9A91}.Ad-Hoc|ARM.Build.0 = Release|Any CPU
		{CE4ACDB1-5CCD-4D09-B854-23C4019A9A91}.Ad-Hoc|iPhone.ActiveCfg = Release|Any CPU
		{CE4ACDB1-5CCD-4D09-B854-23C4019A9A91}.Ad-Hoc|iPhone.Build.0 = Release|Any CPU
		{CE4ACDB1-5CCD-4D09-B854-23C4019A9A91}.Ad-Hoc|iPhoneSimulator.ActiveCfg = Release|Any CPU
		{CE4ACDB1-5CCD-4D09-B854-23C4019A9A91}.Ad-Hoc|iPhoneSimulator.Build.0 = Release|Any CPU
		{CE4ACDB1-5CCD-4D09-B854-23C4019A9A91}.Ad-Hoc|x64.ActiveCfg = Release|Any CPU
		{CE4ACDB1-5CCD-4D09-B854-23C4019A9A91}.Ad-Hoc|x64.Build.0 = Release|Any CPU
		{CE4ACDB1-5CCD-4D09-B854-23C4019A9A91}.Ad-Hoc|x86.ActiveCfg = Release|Any CPU
		{CE4ACDB1-5CCD-4D09-B854-23C4019A9A91}.Ad-Hoc|x86.Build.0 = Release|Any CPU
		{CE4ACDB1-5CCD-4D09-B854-23C4019A9A91}.AppStore|Any CPU.ActiveCfg = Release|Any CPU
		{CE4ACDB1-5CCD-4D09-B854-23C4019A9A91}.AppStore|Any CPU.Build.0 = Release|Any CPU
		{CE4ACDB1-5CCD-4D09-B854-23C4019A9A91}.AppStore|ARM.ActiveCfg = Release|Any CPU
		{CE4ACDB1-5CCD-4D09-B854-23C4019A9A91}.AppStore|ARM.Build.0 = Release|Any CPU
		{CE4ACDB1-5CCD-4D09-B854-23C4019A9A91}.AppStore|iPhone.ActiveCfg = Release|Any CPU
		{CE4ACDB1-5CCD-4D09-B854-23C4019A9A91}.AppStore|iPhone.Build.0 = Release|Any CPU
		{CE4ACDB1-5CCD-4D09-B854-23C4019A9A91}.AppStore|iPhoneSimulator.ActiveCfg = Release|Any CPU
		{CE4ACDB1-5CCD-4D09-B854-23C4019A9A91}.AppStore|iPhoneSimulator.Build.0 = Release|Any CPU
		{CE4ACDB1-5CCD-4D09-B854-23C4019A9A91}.AppStore|x64.ActiveCfg = Release|Any CPU
		{CE4ACDB1-5CCD-4D09-B854-23C4019A9A91}.AppStore|x64.Build.0 = Release|Any CPU
		{CE4ACDB1-5CCD-4D09-B854-23C4019A9A91}.AppStore|x86.ActiveCfg = Release|Any CPU
		{CE4ACDB1-5CCD-4D09-B854-23C4019A9A91}.AppStore|x86.Build.0 = Release|Any CPU
		{CE4ACDB1-5CCD-4D09-B854-23C4019A9A91}.Debug|Any CPU.ActiveCfg = Debug|Any CPU
		{CE4ACDB1-5CCD-4D09-B854-23C4019A9A91}.Debug|Any CPU.Build.0 = Debug|Any CPU
		{CE4ACDB1-5CCD-4D09-B854-23C4019A9A91}.Debug|ARM.ActiveCfg = Debug|Any CPU
		{CE4ACDB1-5CCD-4D09-B854-23C4019A9A91}.Debug|ARM.Build.0 = Debug|Any CPU
		{CE4ACDB1-5CCD-4D09-B854-23C4019A9A91}.Debug|iPhone.ActiveCfg = Debug|Any CPU
		{CE4ACDB1-5CCD-4D09-B854-23C4019A9A91}.Debug|iPhone.Build.0 = Debug|Any CPU
		{CE4ACDB1-5CCD-4D09-B854-23C4019A9A91}.Debug|iPhoneSimulator.ActiveCfg = Debug|Any CPU
		{CE4ACDB1-5CCD-4D09-B854-23C4019A9A91}.Debug|iPhoneSimulator.Build.0 = Debug|Any CPU
		{CE4ACDB1-5CCD-4D09-B854-23C4019A9A91}.Debug|x64.ActiveCfg = Debug|Any CPU
		{CE4ACDB1-5CCD-4D09-B854-23C4019A9A91}.Debug|x64.Build.0 = Debug|Any CPU
		{CE4ACDB1-5CCD-4D09-B854-23C4019A9A91}.Debug|x86.ActiveCfg = Debug|Any CPU
		{CE4ACDB1-5CCD-4D09-B854-23C4019A9A91}.Debug|x86.Build.0 = Debug|Any CPU
		{CE4ACDB1-5CCD-4D09-B854-23C4019A9A91}.Release|Any CPU.ActiveCfg = Release|Any CPU
		{CE4ACDB1-5CCD-4D09-B854-23C4019A9A91}.Release|Any CPU.Build.0 = Release|Any CPU
		{CE4ACDB1-5CCD-4D09-B854-23C4019A9A91}.Release|ARM.ActiveCfg = Release|Any CPU
		{CE4ACDB1-5CCD-4D09-B854-23C4019A9A91}.Release|ARM.Build.0 = Release|Any CPU
		{CE4ACDB1-5CCD-4D09-B854-23C4019A9A91}.Release|iPhone.ActiveCfg = Release|Any CPU
		{CE4ACDB1-5CCD-4D09-B854-23C4019A9A91}.Release|iPhone.Build.0 = Release|Any CPU
		{CE4ACDB1-5CCD-4D09-B854-23C4019A9A91}.Release|iPhoneSimulator.ActiveCfg = Release|Any CPU
		{CE4ACDB1-5CCD-4D09-B854-23C4019A9A91}.Release|iPhoneSimulator.Build.0 = Release|Any CPU
		{CE4ACDB1-5CCD-4D09-B854-23C4019A9A91}.Release|x64.ActiveCfg = Release|Any CPU
		{CE4ACDB1-5CCD-4D09-B854-23C4019A9A91}.Release|x64.Build.0 = Release|Any CPU
		{CE4ACDB1-5CCD-4D09-B854-23C4019A9A91}.Release|x86.ActiveCfg = Release|Any CPU
		{CE4ACDB1-5CCD-4D09-B854-23C4019A9A91}.Release|x86.Build.0 = Release|Any CPU
		{1CE4BF27-B5AA-4163-8D28-CBBE1660C168}.Ad-Hoc|Any CPU.ActiveCfg = Release|Any CPU
		{1CE4BF27-B5AA-4163-8D28-CBBE1660C168}.Ad-Hoc|Any CPU.Build.0 = Release|Any CPU
		{1CE4BF27-B5AA-4163-8D28-CBBE1660C168}.Ad-Hoc|Any CPU.Deploy.0 = Release|Any CPU
		{1CE4BF27-B5AA-4163-8D28-CBBE1660C168}.Ad-Hoc|ARM.ActiveCfg = Release|Any CPU
		{1CE4BF27-B5AA-4163-8D28-CBBE1660C168}.Ad-Hoc|ARM.Build.0 = Release|Any CPU
		{1CE4BF27-B5AA-4163-8D28-CBBE1660C168}.Ad-Hoc|ARM.Deploy.0 = Release|Any CPU
		{1CE4BF27-B5AA-4163-8D28-CBBE1660C168}.Ad-Hoc|iPhone.ActiveCfg = Release|Any CPU
		{1CE4BF27-B5AA-4163-8D28-CBBE1660C168}.Ad-Hoc|iPhone.Build.0 = Release|Any CPU
		{1CE4BF27-B5AA-4163-8D28-CBBE1660C168}.Ad-Hoc|iPhone.Deploy.0 = Release|Any CPU
		{1CE4BF27-B5AA-4163-8D28-CBBE1660C168}.Ad-Hoc|iPhoneSimulator.ActiveCfg = Release|Any CPU
		{1CE4BF27-B5AA-4163-8D28-CBBE1660C168}.Ad-Hoc|iPhoneSimulator.Build.0 = Release|Any CPU
		{1CE4BF27-B5AA-4163-8D28-CBBE1660C168}.Ad-Hoc|iPhoneSimulator.Deploy.0 = Release|Any CPU
		{1CE4BF27-B5AA-4163-8D28-CBBE1660C168}.Ad-Hoc|x64.ActiveCfg = Release|Any CPU
		{1CE4BF27-B5AA-4163-8D28-CBBE1660C168}.Ad-Hoc|x64.Build.0 = Release|Any CPU
		{1CE4BF27-B5AA-4163-8D28-CBBE1660C168}.Ad-Hoc|x64.Deploy.0 = Release|Any CPU
		{1CE4BF27-B5AA-4163-8D28-CBBE1660C168}.Ad-Hoc|x86.ActiveCfg = Release|Any CPU
		{1CE4BF27-B5AA-4163-8D28-CBBE1660C168}.Ad-Hoc|x86.Build.0 = Release|Any CPU
		{1CE4BF27-B5AA-4163-8D28-CBBE1660C168}.Ad-Hoc|x86.Deploy.0 = Release|Any CPU
		{1CE4BF27-B5AA-4163-8D28-CBBE1660C168}.AppStore|Any CPU.ActiveCfg = Release|Any CPU
		{1CE4BF27-B5AA-4163-8D28-CBBE1660C168}.AppStore|Any CPU.Build.0 = Release|Any CPU
		{1CE4BF27-B5AA-4163-8D28-CBBE1660C168}.AppStore|Any CPU.Deploy.0 = Release|Any CPU
		{1CE4BF27-B5AA-4163-8D28-CBBE1660C168}.AppStore|ARM.ActiveCfg = Release|Any CPU
		{1CE4BF27-B5AA-4163-8D28-CBBE1660C168}.AppStore|ARM.Build.0 = Release|Any CPU
		{1CE4BF27-B5AA-4163-8D28-CBBE1660C168}.AppStore|ARM.Deploy.0 = Release|Any CPU
		{1CE4BF27-B5AA-4163-8D28-CBBE1660C168}.AppStore|iPhone.ActiveCfg = Release|Any CPU
		{1CE4BF27-B5AA-4163-8D28-CBBE1660C168}.AppStore|iPhone.Build.0 = Release|Any CPU
		{1CE4BF27-B5AA-4163-8D28-CBBE1660C168}.AppStore|iPhone.Deploy.0 = Release|Any CPU
		{1CE4BF27-B5AA-4163-8D28-CBBE1660C168}.AppStore|iPhoneSimulator.ActiveCfg = Release|Any CPU
		{1CE4BF27-B5AA-4163-8D28-CBBE1660C168}.AppStore|iPhoneSimulator.Build.0 = Release|Any CPU
		{1CE4BF27-B5AA-4163-8D28-CBBE1660C168}.AppStore|iPhoneSimulator.Deploy.0 = Release|Any CPU
		{1CE4BF27-B5AA-4163-8D28-CBBE1660C168}.AppStore|x64.ActiveCfg = Release|Any CPU
		{1CE4BF27-B5AA-4163-8D28-CBBE1660C168}.AppStore|x64.Build.0 = Release|Any CPU
		{1CE4BF27-B5AA-4163-8D28-CBBE1660C168}.AppStore|x64.Deploy.0 = Release|Any CPU
		{1CE4BF27-B5AA-4163-8D28-CBBE1660C168}.AppStore|x86.ActiveCfg = Release|Any CPU
		{1CE4BF27-B5AA-4163-8D28-CBBE1660C168}.AppStore|x86.Build.0 = Release|Any CPU
		{1CE4BF27-B5AA-4163-8D28-CBBE1660C168}.AppStore|x86.Deploy.0 = Release|Any CPU
		{1CE4BF27-B5AA-4163-8D28-CBBE1660C168}.Debug|Any CPU.ActiveCfg = Debug|Any CPU
		{1CE4BF27-B5AA-4163-8D28-CBBE1660C168}.Debug|Any CPU.Build.0 = Debug|Any CPU
		{1CE4BF27-B5AA-4163-8D28-CBBE1660C168}.Debug|Any CPU.Deploy.0 = Debug|Any CPU
		{1CE4BF27-B5AA-4163-8D28-CBBE1660C168}.Debug|ARM.ActiveCfg = Debug|Any CPU
		{1CE4BF27-B5AA-4163-8D28-CBBE1660C168}.Debug|ARM.Build.0 = Debug|Any CPU
		{1CE4BF27-B5AA-4163-8D28-CBBE1660C168}.Debug|ARM.Deploy.0 = Debug|Any CPU
		{1CE4BF27-B5AA-4163-8D28-CBBE1660C168}.Debug|iPhone.ActiveCfg = Debug|Any CPU
		{1CE4BF27-B5AA-4163-8D28-CBBE1660C168}.Debug|iPhone.Build.0 = Debug|Any CPU
		{1CE4BF27-B5AA-4163-8D28-CBBE1660C168}.Debug|iPhone.Deploy.0 = Debug|Any CPU
		{1CE4BF27-B5AA-4163-8D28-CBBE1660C168}.Debug|iPhoneSimulator.ActiveCfg = Debug|Any CPU
		{1CE4BF27-B5AA-4163-8D28-CBBE1660C168}.Debug|iPhoneSimulator.Build.0 = Debug|Any CPU
		{1CE4BF27-B5AA-4163-8D28-CBBE1660C168}.Debug|iPhoneSimulator.Deploy.0 = Debug|Any CPU
		{1CE4BF27-B5AA-4163-8D28-CBBE1660C168}.Debug|x64.ActiveCfg = Debug|Any CPU
		{1CE4BF27-B5AA-4163-8D28-CBBE1660C168}.Debug|x64.Build.0 = Debug|Any CPU
		{1CE4BF27-B5AA-4163-8D28-CBBE1660C168}.Debug|x64.Deploy.0 = Debug|Any CPU
		{1CE4BF27-B5AA-4163-8D28-CBBE1660C168}.Debug|x86.ActiveCfg = Debug|Any CPU
		{1CE4BF27-B5AA-4163-8D28-CBBE1660C168}.Debug|x86.Build.0 = Debug|Any CPU
		{1CE4BF27-B5AA-4163-8D28-CBBE1660C168}.Debug|x86.Deploy.0 = Debug|Any CPU
		{1CE4BF27-B5AA-4163-8D28-CBBE1660C168}.Release|Any CPU.ActiveCfg = Release|Any CPU
		{1CE4BF27-B5AA-4163-8D28-CBBE1660C168}.Release|Any CPU.Build.0 = Release|Any CPU
		{1CE4BF27-B5AA-4163-8D28-CBBE1660C168}.Release|Any CPU.Deploy.0 = Release|Any CPU
		{1CE4BF27-B5AA-4163-8D28-CBBE1660C168}.Release|ARM.ActiveCfg = Release|Any CPU
		{1CE4BF27-B5AA-4163-8D28-CBBE1660C168}.Release|ARM.Build.0 = Release|Any CPU
		{1CE4BF27-B5AA-4163-8D28-CBBE1660C168}.Release|ARM.Deploy.0 = Release|Any CPU
		{1CE4BF27-B5AA-4163-8D28-CBBE1660C168}.Release|iPhone.ActiveCfg = Release|Any CPU
		{1CE4BF27-B5AA-4163-8D28-CBBE1660C168}.Release|iPhone.Build.0 = Release|Any CPU
		{1CE4BF27-B5AA-4163-8D28-CBBE1660C168}.Release|iPhone.Deploy.0 = Release|Any CPU
		{1CE4BF27-B5AA-4163-8D28-CBBE1660C168}.Release|iPhoneSimulator.ActiveCfg = Release|Any CPU
		{1CE4BF27-B5AA-4163-8D28-CBBE1660C168}.Release|iPhoneSimulator.Build.0 = Release|Any CPU
		{1CE4BF27-B5AA-4163-8D28-CBBE1660C168}.Release|iPhoneSimulator.Deploy.0 = Release|Any CPU
		{1CE4BF27-B5AA-4163-8D28-CBBE1660C168}.Release|x64.ActiveCfg = Release|Any CPU
		{1CE4BF27-B5AA-4163-8D28-CBBE1660C168}.Release|x64.Build.0 = Release|Any CPU
		{1CE4BF27-B5AA-4163-8D28-CBBE1660C168}.Release|x64.Deploy.0 = Release|Any CPU
		{1CE4BF27-B5AA-4163-8D28-CBBE1660C168}.Release|x86.ActiveCfg = Release|Any CPU
		{1CE4BF27-B5AA-4163-8D28-CBBE1660C168}.Release|x86.Build.0 = Release|Any CPU
		{1CE4BF27-B5AA-4163-8D28-CBBE1660C168}.Release|x86.Deploy.0 = Release|Any CPU
		{471DFB46-9ECF-442D-B6D1-DDF05E7BD898}.Ad-Hoc|Any CPU.ActiveCfg = Ad-Hoc|iPhone
		{471DFB46-9ECF-442D-B6D1-DDF05E7BD898}.Ad-Hoc|ARM.ActiveCfg = Ad-Hoc|iPhone
		{471DFB46-9ECF-442D-B6D1-DDF05E7BD898}.Ad-Hoc|iPhone.ActiveCfg = Ad-Hoc|iPhone
		{471DFB46-9ECF-442D-B6D1-DDF05E7BD898}.Ad-Hoc|iPhone.Build.0 = Ad-Hoc|iPhone
		{471DFB46-9ECF-442D-B6D1-DDF05E7BD898}.Ad-Hoc|iPhoneSimulator.ActiveCfg = Ad-Hoc|iPhoneSimulator
		{471DFB46-9ECF-442D-B6D1-DDF05E7BD898}.Ad-Hoc|iPhoneSimulator.Build.0 = Ad-Hoc|iPhoneSimulator
		{471DFB46-9ECF-442D-B6D1-DDF05E7BD898}.Ad-Hoc|x64.ActiveCfg = Ad-Hoc|iPhone
		{471DFB46-9ECF-442D-B6D1-DDF05E7BD898}.Ad-Hoc|x86.ActiveCfg = Ad-Hoc|iPhone
		{471DFB46-9ECF-442D-B6D1-DDF05E7BD898}.AppStore|Any CPU.ActiveCfg = AppStore|iPhone
		{471DFB46-9ECF-442D-B6D1-DDF05E7BD898}.AppStore|ARM.ActiveCfg = AppStore|iPhone
		{471DFB46-9ECF-442D-B6D1-DDF05E7BD898}.AppStore|iPhone.ActiveCfg = AppStore|iPhone
		{471DFB46-9ECF-442D-B6D1-DDF05E7BD898}.AppStore|iPhone.Build.0 = AppStore|iPhone
		{471DFB46-9ECF-442D-B6D1-DDF05E7BD898}.AppStore|iPhoneSimulator.ActiveCfg = AppStore|iPhoneSimulator
		{471DFB46-9ECF-442D-B6D1-DDF05E7BD898}.AppStore|iPhoneSimulator.Build.0 = AppStore|iPhoneSimulator
		{471DFB46-9ECF-442D-B6D1-DDF05E7BD898}.AppStore|x64.ActiveCfg = AppStore|iPhone
		{471DFB46-9ECF-442D-B6D1-DDF05E7BD898}.AppStore|x86.ActiveCfg = AppStore|iPhone
		{471DFB46-9ECF-442D-B6D1-DDF05E7BD898}.Debug|Any CPU.ActiveCfg = Debug|iPhone
		{471DFB46-9ECF-442D-B6D1-DDF05E7BD898}.Debug|ARM.ActiveCfg = Debug|iPhone
		{471DFB46-9ECF-442D-B6D1-DDF05E7BD898}.Debug|iPhone.ActiveCfg = Debug|iPhone
		{471DFB46-9ECF-442D-B6D1-DDF05E7BD898}.Debug|iPhone.Build.0 = Debug|iPhone
		{471DFB46-9ECF-442D-B6D1-DDF05E7BD898}.Debug|iPhoneSimulator.ActiveCfg = Debug|iPhoneSimulator
		{471DFB46-9ECF-442D-B6D1-DDF05E7BD898}.Debug|iPhoneSimulator.Build.0 = Debug|iPhoneSimulator
		{471DFB46-9ECF-442D-B6D1-DDF05E7BD898}.Debug|x64.ActiveCfg = Debug|iPhone
		{471DFB46-9ECF-442D-B6D1-DDF05E7BD898}.Debug|x86.ActiveCfg = Debug|iPhone
		{471DFB46-9ECF-442D-B6D1-DDF05E7BD898}.Release|Any CPU.ActiveCfg = Release|iPhone
		{471DFB46-9ECF-442D-B6D1-DDF05E7BD898}.Release|ARM.ActiveCfg = Release|iPhone
		{471DFB46-9ECF-442D-B6D1-DDF05E7BD898}.Release|iPhone.ActiveCfg = Release|iPhone
		{471DFB46-9ECF-442D-B6D1-DDF05E7BD898}.Release|iPhone.Build.0 = Release|iPhone
		{471DFB46-9ECF-442D-B6D1-DDF05E7BD898}.Release|iPhoneSimulator.ActiveCfg = Release|iPhoneSimulator
		{471DFB46-9ECF-442D-B6D1-DDF05E7BD898}.Release|iPhoneSimulator.Build.0 = Release|iPhoneSimulator
		{471DFB46-9ECF-442D-B6D1-DDF05E7BD898}.Release|x64.ActiveCfg = Release|iPhone
		{471DFB46-9ECF-442D-B6D1-DDF05E7BD898}.Release|x86.ActiveCfg = Release|iPhone
	EndGlobalSection
	GlobalSection(SolutionProperties) = preSolution
		HideSolutionNode = FALSE
	EndGlobalSection
	GlobalSection(NestedProjects) = preSolution
		{CE4ACDB1-5CCD-4D09-B854-23C4019A9A91} = {50F3B006-7EB6-422E-9070-63E83E4736FB}
		{1CE4BF27-B5AA-4163-8D28-CBBE1660C168} = {50F3B006-7EB6-422E-9070-63E83E4736FB}
		{471DFB46-9ECF-442D-B6D1-DDF05E7BD898} = {50F3B006-7EB6-422E-9070-63E83E4736FB}
	EndGlobalSection
EndGlobal
