
Microsoft Visual Studio Solution File, Format Version 12.00
# Visual Studio 14
VisualStudioVersion = 14.0.23107.0
MinimumVisualStudioVersion = 10.0.40219.1
Project("{FAE04EC0-301F-11D3-BF4B-00C04F79EFBC}") = "Redux.TodoMvc", "Redux.TodoMvc\Redux.TodoMvc.csproj", "{FEA5562D-E8D5-4AD9-BACA-2D29DB0A2775}"
EndProject
Project("{FAE04EC0-301F-11D3-BF4B-00C04F79EFBC}") = "Redux.TodoMvc.Universal", "Redux.TodoMvc.Universal\Redux.TodoMvc.Universal.csproj", "{DADFFA18-8388-4193-87A0-16B3BDBABDBF}"
EndProject
Global
	GlobalSection(SolutionConfigurationPlatforms) = preSolution
		Debug|Any CPU = Debug|Any CPU
		Debug|ARM = Debug|ARM
		Debug|x64 = Debug|x64
		Debug|x86 = Debug|x86
		Release|Any CPU = Release|Any CPU
		Release|ARM = Release|ARM
		Release|x64 = Release|x64
		Release|x86 = Release|x86
	EndGlobalSection
	GlobalSection(ProjectConfigurationPlatforms) = postSolution
		{FEA5562D-E8D5-4AD9-BACA-2D29DB0A2775}.Debug|Any CPU.ActiveCfg = Debug|Any CPU
		{FEA5562D-E8D5-4AD9-BACA-2D29DB0A2775}.Debug|Any CPU.Build.0 = Debug|Any CPU
		{FEA5562D-E8D5-4AD9-BACA-2D29DB0A2775}.Debug|ARM.ActiveCfg = Debug|Any CPU
		{FEA5562D-E8D5-4AD9-BACA-2D29DB0A2775}.Debug|ARM.Build.0 = Debug|Any CPU
		{FEA5562D-E8D5-4AD9-BACA-2D29DB0A2775}.Debug|x64.ActiveCfg = Debug|Any CPU
		{FEA5562D-E8D5-4AD9-BACA-2D29DB0A2775}.Debug|x64.Build.0 = Debug|Any CPU
		{FEA5562D-E8D5-4AD9-BACA-2D29DB0A2775}.Debug|x86.ActiveCfg = Debug|Any CPU
		{FEA5562D-E8D5-4AD9-BACA-2D29DB0A2775}.Debug|x86.Build.0 = Debug|Any CPU
		{FEA5562D-E8D5-4AD9-BACA-2D29DB0A2775}.Release|Any CPU.ActiveCfg = Release|Any CPU
		{FEA5562D-E8D5-4AD9-BACA-2D29DB0A2775}.Release|Any CPU.Build.0 = Release|Any CPU
		{FEA5562D-E8D5-4AD9-BACA-2D29DB0A2775}.Release|ARM.ActiveCfg = Release|Any CPU
		{FEA5562D-E8D5-4AD9-BACA-2D29DB0A2775}.Release|ARM.Build.0 = Release|Any CPU
		{FEA5562D-E8D5-4AD9-BACA-2D29DB0A2775}.Release|x64.ActiveCfg = Release|Any CPU
		{FEA5562D-E8D5-4AD9-BACA-2D29DB0A2775}.Release|x64.Build.0 = Release|Any CPU
		{FEA5562D-E8D5-4AD9-BACA-2D29DB0A2775}.Release|x86.ActiveCfg = Release|Any CPU
		{FEA5562D-E8D5-4AD9-BACA-2D29DB0A2775}.Release|x86.Build.0 = Release|Any CPU
		{DADFFA18-8388-4193-87A0-16B3BDBABDBF}.Debug|Any CPU.ActiveCfg = Debug|x86
		{DADFFA18-8388-4193-87A0-16B3BDBABDBF}.Debug|Any CPU.Build.0 = Debug|x86
		{DADFFA18-8388-4193-87A0-16B3BDBABDBF}.Debug|Any CPU.Deploy.0 = Debug|x86
		{DADFFA18-8388-4193-87A0-16B3BDBABDBF}.Debug|ARM.ActiveCfg = Debug|ARM
		{DADFFA18-8388-4193-87A0-16B3BDBABDBF}.Debug|ARM.Build.0 = Debug|ARM
		{DADFFA18-8388-4193-87A0-16B3BDBABDBF}.Debug|ARM.Deploy.0 = Debug|ARM
		{DADFFA18-8388-4193-87A0-16B3BDBABDBF}.Debug|x64.ActiveCfg = Debug|x64
		{DADFFA18-8388-4193-87A0-16B3BDBABDBF}.Debug|x64.Build.0 = Debug|x64
		{DADFFA18-8388-4193-87A0-16B3BDBABDBF}.Debug|x64.Deploy.0 = Debug|x64
		{DADFFA18-8388-4193-87A0-16B3BDBABDBF}.Debug|x86.ActiveCfg = Debug|x86
		{DADFFA18-8388-4193-87A0-16B3BDBABDBF}.Debug|x86.Build.0 = Debug|x86
		{DADFFA18-8388-4193-87A0-16B3BDBABDBF}.Debug|x86.Deploy.0 = Debug|x86
		{DADFFA18-8388-4193-87A0-16B3BDBABDBF}.Release|Any CPU.ActiveCfg = Release|x86
		{DADFFA18-8388-4193-87A0-16B3BDBABDBF}.Release|ARM.ActiveCfg = Release|ARM
		{DADFFA18-8388-4193-87A0-16B3BDBABDBF}.Release|ARM.Build.0 = Release|ARM
		{DADFFA18-8388-4193-87A0-16B3BDBABDBF}.Release|ARM.Deploy.0 = Release|ARM
		{DADFFA18-8388-4193-87A0-16B3BDBABDBF}.Release|x64.ActiveCfg = Release|x64
		{DADFFA18-8388-4193-87A0-16B3BDBABDBF}.Release|x64.Build.0 = Release|x64
		{DADFFA18-8388-4193-87A0-16B3BDBABDBF}.Release|x64.Deploy.0 = Release|x64
		{DADFFA18-8388-4193-87A0-16B3BDBABDBF}.Release|x86.ActiveCfg = Release|x86
		{DADFFA18-8388-4193-87A0-16B3BDBABDBF}.Release|x86.Build.0 = Release|x86
		{DADFFA18-8388-4193-87A0-16B3BDBABDBF}.Release|x86.Deploy.0 = Release|x86
	EndGlobalSection
	GlobalSection(SolutionProperties) = preSolution
		HideSolutionNode = FALSE
	EndGlobalSection
EndGlobal
